
Microsoft Visual Studio Solution File, Format Version 12.00
# Visual Studio 15
VisualStudioVersion = 15.0.26228.10
MinimumVisualStudioVersion = 10.0.40219.1
Project("{8BC9CEB8-8B4A-11D0-8D11-00A0C91BC942}") = "Algorithms", "Algorithms.vcxproj", "{57E5B09D-70AF-459F-9746-8B596CED3CB2}"
EndProject
Project("{8BC9CEB8-8B4A-11D0-8D11-00A0C91BC942}") = "BFS", "..\BFS\BFS.vcxproj", "{020D4873-0F9D-48F1-89FF-2CC2D9EA6D9B}"
EndProject
Project("{8BC9CEB8-8B4A-11D0-8D11-00A0C91BC942}") = "DFS", "..\DFS\DFS.vcxproj", "{23BCFF85-DCCF-45E0-8CA3-398E8FA38671}"
EndProject
Project("{8BC9CEB8-8B4A-11D0-8D11-00A0C91BC942}") = "Dijkstra", "..\Dijkstra\Dijkstra.vcxproj", "{814DBCC3-457A-4DB4-B56E-D220527D290E}"
EndProject
Project("{8BC9CEB8-8B4A-11D0-8D11-00A0C91BC942}") = "Dynamic", "..\Dynamic\Dynamic.vcxproj", "{E07EC3C6-E9B3-416C-AA71-5BAB2254F44B}"
EndProject
Project("{8BC9CEB8-8B4A-11D0-8D11-00A0C91BC942}") = "Hamming", "..\Hamming\Hamming.vcxproj", "{031D6589-6CF7-49D3-BC15-69FFA56332A0}"
EndProject
Project("{8BC9CEB8-8B4A-11D0-8D11-00A0C91BC942}") = "Heap", "..\Heap\Heap.vcxproj", "{128E8625-234C-45E0-89E2-0DAF2182A079}"
EndProject
Project("{8BC9CEB8-8B4A-11D0-8D11-00A0C91BC942}") = "Huffman", "..\Huffman\Huffman.vcxproj", "{3AEEAF2D-A56D-4CA3-AF0A-261593CD3C59}"
EndProject
Project("{8BC9CEB8-8B4A-11D0-8D11-00A0C91BC942}") = "Inversions", "..\Inversions\Inversions.vcxproj", "{817A1EDF-3C3B-444D-A387-7AAA91DB0465}"
EndProject
Project("{8BC9CEB8-8B4A-11D0-8D11-00A0C91BC942}") = "Johnson", "..\Johnson\Johnson.vcxproj", "{277F8369-849A-43E1-B1F3-C60F9EE58C04}"
EndProject
Project("{8BC9CEB8-8B4A-11D0-8D11-00A0C91BC942}") = "Karger", "..\Karger\Karger.vcxproj", "{72115A2C-4DCF-4B07-A297-8F5496A5F1B7}"
EndProject
Project("{8BC9CEB8-8B4A-11D0-8D11-00A0C91BC942}") = "Katsubara", "..\Katsubara\Katsubara.vcxproj", "{43BBC355-CC46-42F0-B4E6-6880BC8CD2DD}"
EndProject
Project("{8BC9CEB8-8B4A-11D0-8D11-00A0C91BC942}") = "kCluster", "..\kCluster\kCluster.vcxproj", "{F95A04EB-A1D1-4385-8A16-7F4D984D3CD3}"
EndProject
Project("{8BC9CEB8-8B4A-11D0-8D11-00A0C91BC942}") = "MergeSort", "..\MergeSort\MergeSort.vcxproj", "{813658C0-C009-4094-AA86-E2FA739EC7C3}"
EndProject
Project("{8BC9CEB8-8B4A-11D0-8D11-00A0C91BC942}") = "MergeSort2", "..\MergeSort2\MergeSort2.vcxproj", "{54452D09-21C9-488D-A8F7-15E6D4A225C7}"
EndProject
Project("{8BC9CEB8-8B4A-11D0-8D11-00A0C91BC942}") = "Neighbour", "..\Neighbour\Neighbour.vcxproj", "{839B3E4F-952C-4B47-AAA7-C361D709449C}"
EndProject
Project("{8BC9CEB8-8B4A-11D0-8D11-00A0C91BC942}") = "SearchTree", "..\SearchTree\SearchTree.vcxproj", "{73A050FE-EA78-40AA-B2AB-92257E7029F0}"
EndProject
Project("{8BC9CEB8-8B4A-11D0-8D11-00A0C91BC942}") = "Precision", "..\Precision\Precision.vcxproj", "{A02ED760-F554-4526-BD5D-DEBE41960F7F}"
EndProject
Project("{8BC9CEB8-8B4A-11D0-8D11-00A0C91BC942}") = "Prim", "..\Prim\Prim.vcxproj", "{6B32E67A-C408-48A2-9128-054B1ABD2462}"
EndProject
Project("{8BC9CEB8-8B4A-11D0-8D11-00A0C91BC942}") = "QuickSort", "..\QuickSort\QuickSort.vcxproj", "{47BF7115-837E-4B64-864D-F32797DB152E}"
EndProject
Project("{8BC9CEB8-8B4A-11D0-8D11-00A0C91BC942}") = "Scheduling", "..\Scheduling\Scheduling.vcxproj", "{F6E718DB-953D-4D78-A327-361AF10416FE}"
EndProject
Project("{8BC9CEB8-8B4A-11D0-8D11-00A0C91BC942}") = "Power", "..\Power\Power.vcxproj", "{2F511A7F-B758-428C-BE15-B2C60062EEBA}"
EndProject
Project("{8BC9CEB8-8B4A-11D0-8D11-00A0C91BC942}") = "Selection", "..\Selection\Selection.vcxproj", "{D1842B66-4C77-42AD-8D4B-1CCC657F50D0}"
EndProject
Project("{8BC9CEB8-8B4A-11D0-8D11-00A0C91BC942}") = "TSP", "..\TSP\TSP.vcxproj", "{5F3CF845-52EB-41EE-AC6C-7854CA7872B1}"
EndProject
Project("{8BC9CEB8-8B4A-11D0-8D11-00A0C91BC942}") = "TwoSat", "..\TwoSat\TwoSat.vcxproj", "{79325A53-F14D-437A-8DA3-F2E1116104EC}"
EndProject
Project("{8BC9CEB8-8B4A-11D0-8D11-00A0C91BC942}") = "UnionFind", "..\UnionFind\UnionFind.vcxproj", "{6B952458-5EF8-49AD-888A-9CABE8322AFE}"
EndProject
Project("{8BC9CEB8-8B4A-11D0-8D11-00A0C91BC942}") = "SCC", "..\SCC\SCC.vcxproj", "{93590867-531C-4B05-B5BE-8469B4DD5666}"
EndProject
Global
	GlobalSection(SolutionConfigurationPlatforms) = preSolution
		Debug|x64 = Debug|x64
		Debug|x86 = Debug|x86
		Release|x64 = Release|x64
		Release|x86 = Release|x86
	EndGlobalSection
	GlobalSection(ProjectConfigurationPlatforms) = postSolution
		{57E5B09D-70AF-459F-9746-8B596CED3CB2}.Debug|x64.ActiveCfg = Debug|x64
		{57E5B09D-70AF-459F-9746-8B596CED3CB2}.Debug|x64.Build.0 = Debug|x64
		{57E5B09D-70AF-459F-9746-8B596CED3CB2}.Debug|x86.ActiveCfg = Debug|Win32
		{57E5B09D-70AF-459F-9746-8B596CED3CB2}.Debug|x86.Build.0 = Debug|Win32
		{57E5B09D-70AF-459F-9746-8B596CED3CB2}.Release|x64.ActiveCfg = Release|x64
		{57E5B09D-70AF-459F-9746-8B596CED3CB2}.Release|x64.Build.0 = Release|x64
		{57E5B09D-70AF-459F-9746-8B596CED3CB2}.Release|x86.ActiveCfg = Release|Win32
		{57E5B09D-70AF-459F-9746-8B596CED3CB2}.Release|x86.Build.0 = Release|Win32
		{020D4873-0F9D-48F1-89FF-2CC2D9EA6D9B}.Debug|x64.ActiveCfg = Debug|x64
		{020D4873-0F9D-48F1-89FF-2CC2D9EA6D9B}.Debug|x64.Build.0 = Debug|x64
		{020D4873-0F9D-48F1-89FF-2CC2D9EA6D9B}.Debug|x86.ActiveCfg = Debug|Win32
		{020D4873-0F9D-48F1-89FF-2CC2D9EA6D9B}.Debug|x86.Build.0 = Debug|Win32
		{020D4873-0F9D-48F1-89FF-2CC2D9EA6D9B}.Release|x64.ActiveCfg = Release|x64
		{020D4873-0F9D-48F1-89FF-2CC2D9EA6D9B}.Release|x64.Build.0 = Release|x64
		{020D4873-0F9D-48F1-89FF-2CC2D9EA6D9B}.Release|x86.ActiveCfg = Release|Win32
		{020D4873-0F9D-48F1-89FF-2CC2D9EA6D9B}.Release|x86.Build.0 = Release|Win32
		{23BCFF85-DCCF-45E0-8CA3-398E8FA38671}.Debug|x64.ActiveCfg = Debug|x64
		{23BCFF85-DCCF-45E0-8CA3-398E8FA38671}.Debug|x64.Build.0 = Debug|x64
		{23BCFF85-DCCF-45E0-8CA3-398E8FA38671}.Debug|x86.ActiveCfg = Debug|Win32
		{23BCFF85-DCCF-45E0-8CA3-398E8FA38671}.Debug|x86.Build.0 = Debug|Win32
		{23BCFF85-DCCF-45E0-8CA3-398E8FA38671}.Release|x64.ActiveCfg = Release|x64
		{23BCFF85-DCCF-45E0-8CA3-398E8FA38671}.Release|x64.Build.0 = Release|x64
		{23BCFF85-DCCF-45E0-8CA3-398E8FA38671}.Release|x86.ActiveCfg = Release|Win32
		{23BCFF85-DCCF-45E0-8CA3-398E8FA38671}.Release|x86.Build.0 = Release|Win32
		{814DBCC3-457A-4DB4-B56E-D220527D290E}.Debug|x64.ActiveCfg = Debug|x64
		{814DBCC3-457A-4DB4-B56E-D220527D290E}.Debug|x64.Build.0 = Debug|x64
		{814DBCC3-457A-4DB4-B56E-D220527D290E}.Debug|x86.ActiveCfg = Debug|Win32
		{814DBCC3-457A-4DB4-B56E-D220527D290E}.Debug|x86.Build.0 = Debug|Win32
		{814DBCC3-457A-4DB4-B56E-D220527D290E}.Release|x64.ActiveCfg = Release|x64
		{814DBCC3-457A-4DB4-B56E-D220527D290E}.Release|x64.Build.0 = Release|x64
		{814DBCC3-457A-4DB4-B56E-D220527D290E}.Release|x86.ActiveCfg = Release|Win32
		{814DBCC3-457A-4DB4-B56E-D220527D290E}.Release|x86.Build.0 = Release|Win32
		{E07EC3C6-E9B3-416C-AA71-5BAB2254F44B}.Debug|x64.ActiveCfg = Debug|x64
		{E07EC3C6-E9B3-416C-AA71-5BAB2254F44B}.Debug|x64.Build.0 = Debug|x64
		{E07EC3C6-E9B3-416C-AA71-5BAB2254F44B}.Debug|x86.ActiveCfg = Debug|Win32
		{E07EC3C6-E9B3-416C-AA71-5BAB2254F44B}.Debug|x86.Build.0 = Debug|Win32
		{E07EC3C6-E9B3-416C-AA71-5BAB2254F44B}.Release|x64.ActiveCfg = Release|x64
		{E07EC3C6-E9B3-416C-AA71-5BAB2254F44B}.Release|x64.Build.0 = Release|x64
		{E07EC3C6-E9B3-416C-AA71-5BAB2254F44B}.Release|x86.ActiveCfg = Release|Win32
		{E07EC3C6-E9B3-416C-AA71-5BAB2254F44B}.Release|x86.Build.0 = Release|Win32
		{031D6589-6CF7-49D3-BC15-69FFA56332A0}.Debug|x64.ActiveCfg = Debug|x64
		{031D6589-6CF7-49D3-BC15-69FFA56332A0}.Debug|x64.Build.0 = Debug|x64
		{031D6589-6CF7-49D3-BC15-69FFA56332A0}.Debug|x86.ActiveCfg = Debug|Win32
		{031D6589-6CF7-49D3-BC15-69FFA56332A0}.Debug|x86.Build.0 = Debug|Win32
		{031D6589-6CF7-49D3-BC15-69FFA56332A0}.Release|x64.ActiveCfg = Release|x64
		{031D6589-6CF7-49D3-BC15-69FFA56332A0}.Release|x64.Build.0 = Release|x64
		{031D6589-6CF7-49D3-BC15-69FFA56332A0}.Release|x86.ActiveCfg = Release|Win32
		{031D6589-6CF7-49D3-BC15-69FFA56332A0}.Release|x86.Build.0 = Release|Win32
		{128E8625-234C-45E0-89E2-0DAF2182A079}.Debug|x64.ActiveCfg = Debug|x64
		{128E8625-234C-45E0-89E2-0DAF2182A079}.Debug|x64.Build.0 = Debug|x64
		{128E8625-234C-45E0-89E2-0DAF2182A079}.Debug|x86.ActiveCfg = Debug|Win32
		{128E8625-234C-45E0-89E2-0DAF2182A079}.Debug|x86.Build.0 = Debug|Win32
		{128E8625-234C-45E0-89E2-0DAF2182A079}.Release|x64.ActiveCfg = Release|x64
		{128E8625-234C-45E0-89E2-0DAF2182A079}.Release|x64.Build.0 = Release|x64
		{128E8625-234C-45E0-89E2-0DAF2182A079}.Release|x86.ActiveCfg = Release|Win32
		{128E8625-234C-45E0-89E2-0DAF2182A079}.Release|x86.Build.0 = Release|Win32
		{3AEEAF2D-A56D-4CA3-AF0A-261593CD3C59}.Debug|x64.ActiveCfg = Debug|x64
		{3AEEAF2D-A56D-4CA3-AF0A-261593CD3C59}.Debug|x64.Build.0 = Debug|x64
		{3AEEAF2D-A56D-4CA3-AF0A-261593CD3C59}.Debug|x86.ActiveCfg = Debug|Win32
		{3AEEAF2D-A56D-4CA3-AF0A-261593CD3C59}.Debug|x86.Build.0 = Debug|Win32
		{3AEEAF2D-A56D-4CA3-AF0A-261593CD3C59}.Release|x64.ActiveCfg = Release|x64
		{3AEEAF2D-A56D-4CA3-AF0A-261593CD3C59}.Release|x64.Build.0 = Release|x64
		{3AEEAF2D-A56D-4CA3-AF0A-261593CD3C59}.Release|x86.ActiveCfg = Release|Win32
		{3AEEAF2D-A56D-4CA3-AF0A-261593CD3C59}.Release|x86.Build.0 = Release|Win32
		{817A1EDF-3C3B-444D-A387-7AAA91DB0465}.Debug|x64.ActiveCfg = Debug|x64
		{817A1EDF-3C3B-444D-A387-7AAA91DB0465}.Debug|x64.Build.0 = Debug|x64
		{817A1EDF-3C3B-444D-A387-7AAA91DB0465}.Debug|x86.ActiveCfg = Debug|Win32
		{817A1EDF-3C3B-444D-A387-7AAA91DB0465}.Debug|x86.Build.0 = Debug|Win32
		{817A1EDF-3C3B-444D-A387-7AAA91DB0465}.Release|x64.ActiveCfg = Release|x64
		{817A1EDF-3C3B-444D-A387-7AAA91DB0465}.Release|x64.Build.0 = Release|x64
		{817A1EDF-3C3B-444D-A387-7AAA91DB0465}.Release|x86.ActiveCfg = Release|Win32
		{817A1EDF-3C3B-444D-A387-7AAA91DB0465}.Release|x86.Build.0 = Release|Win32
		{277F8369-849A-43E1-B1F3-C60F9EE58C04}.Debug|x64.ActiveCfg = Debug|x64
		{277F8369-849A-43E1-B1F3-C60F9EE58C04}.Debug|x64.Build.0 = Debug|x64
		{277F8369-849A-43E1-B1F3-C60F9EE58C04}.Debug|x86.ActiveCfg = Debug|Win32
		{277F8369-849A-43E1-B1F3-C60F9EE58C04}.Debug|x86.Build.0 = Debug|Win32
		{277F8369-849A-43E1-B1F3-C60F9EE58C04}.Release|x64.ActiveCfg = Release|x64
		{277F8369-849A-43E1-B1F3-C60F9EE58C04}.Release|x64.Build.0 = Release|x64
		{277F8369-849A-43E1-B1F3-C60F9EE58C04}.Release|x86.ActiveCfg = Release|Win32
		{277F8369-849A-43E1-B1F3-C60F9EE58C04}.Release|x86.Build.0 = Release|Win32
		{72115A2C-4DCF-4B07-A297-8F5496A5F1B7}.Debug|x64.ActiveCfg = Debug|x64
		{72115A2C-4DCF-4B07-A297-8F5496A5F1B7}.Debug|x64.Build.0 = Debug|x64
		{72115A2C-4DCF-4B07-A297-8F5496A5F1B7}.Debug|x86.ActiveCfg = Debug|Win32
		{72115A2C-4DCF-4B07-A297-8F5496A5F1B7}.Debug|x86.Build.0 = Debug|Win32
		{72115A2C-4DCF-4B07-A297-8F5496A5F1B7}.Release|x64.ActiveCfg = Release|x64
		{72115A2C-4DCF-4B07-A297-8F5496A5F1B7}.Release|x64.Build.0 = Release|x64
		{72115A2C-4DCF-4B07-A297-8F5496A5F1B7}.Release|x86.ActiveCfg = Release|Win32
		{72115A2C-4DCF-4B07-A297-8F5496A5F1B7}.Release|x86.Build.0 = Release|Win32
		{43BBC355-CC46-42F0-B4E6-6880BC8CD2DD}.Debug|x64.ActiveCfg = Debug|x64
		{43BBC355-CC46-42F0-B4E6-6880BC8CD2DD}.Debug|x64.Build.0 = Debug|x64
		{43BBC355-CC46-42F0-B4E6-6880BC8CD2DD}.Debug|x86.ActiveCfg = Debug|Win32
		{43BBC355-CC46-42F0-B4E6-6880BC8CD2DD}.Debug|x86.Build.0 = Debug|Win32
		{43BBC355-CC46-42F0-B4E6-6880BC8CD2DD}.Release|x64.ActiveCfg = Release|x64
		{43BBC355-CC46-42F0-B4E6-6880BC8CD2DD}.Release|x64.Build.0 = Release|x64
		{43BBC355-CC46-42F0-B4E6-6880BC8CD2DD}.Release|x86.ActiveCfg = Release|Win32
		{43BBC355-CC46-42F0-B4E6-6880BC8CD2DD}.Release|x86.Build.0 = Release|Win32
		{F95A04EB-A1D1-4385-8A16-7F4D984D3CD3}.Debug|x64.ActiveCfg = Debug|x64
		{F95A04EB-A1D1-4385-8A16-7F4D984D3CD3}.Debug|x64.Build.0 = Debug|x64
		{F95A04EB-A1D1-4385-8A16-7F4D984D3CD3}.Debug|x86.ActiveCfg = Debug|Win32
		{F95A04EB-A1D1-4385-8A16-7F4D984D3CD3}.Debug|x86.Build.0 = Debug|Win32
		{F95A04EB-A1D1-4385-8A16-7F4D984D3CD3}.Release|x64.ActiveCfg = Release|x64
		{F95A04EB-A1D1-4385-8A16-7F4D984D3CD3}.Release|x64.Build.0 = Release|x64
		{F95A04EB-A1D1-4385-8A16-7F4D984D3CD3}.Release|x86.ActiveCfg = Release|Win32
		{F95A04EB-A1D1-4385-8A16-7F4D984D3CD3}.Release|x86.Build.0 = Release|Win32
		{813658C0-C009-4094-AA86-E2FA739EC7C3}.Debug|x64.ActiveCfg = Debug|x64
		{813658C0-C009-4094-AA86-E2FA739EC7C3}.Debug|x64.Build.0 = Debug|x64
		{813658C0-C009-4094-AA86-E2FA739EC7C3}.Debug|x86.ActiveCfg = Debug|Win32
		{813658C0-C009-4094-AA86-E2FA739EC7C3}.Debug|x86.Build.0 = Debug|Win32
		{813658C0-C009-4094-AA86-E2FA739EC7C3}.Release|x64.ActiveCfg = Release|x64
		{813658C0-C009-4094-AA86-E2FA739EC7C3}.Release|x64.Build.0 = Release|x64
		{813658C0-C009-4094-AA86-E2FA739EC7C3}.Release|x86.ActiveCfg = Release|Win32
		{813658C0-C009-4094-AA86-E2FA739EC7C3}.Release|x86.Build.0 = Release|Win32
		{54452D09-21C9-488D-A8F7-15E6D4A225C7}.Debug|x64.ActiveCfg = Debug|x64
		{54452D09-21C9-488D-A8F7-15E6D4A225C7}.Debug|x64.Build.0 = Debug|x64
		{54452D09-21C9-488D-A8F7-15E6D4A225C7}.Debug|x86.ActiveCfg = Debug|Win32
		{54452D09-21C9-488D-A8F7-15E6D4A225C7}.Debug|x86.Build.0 = Debug|Win32
		{54452D09-21C9-488D-A8F7-15E6D4A225C7}.Release|x64.ActiveCfg = Release|x64
		{54452D09-21C9-488D-A8F7-15E6D4A225C7}.Release|x64.Build.0 = Release|x64
		{54452D09-21C9-488D-A8F7-15E6D4A225C7}.Release|x86.ActiveCfg = Release|Win32
		{54452D09-21C9-488D-A8F7-15E6D4A225C7}.Release|x86.Build.0 = Release|Win32
		{839B3E4F-952C-4B47-AAA7-C361D709449C}.Debug|x64.ActiveCfg = Debug|x64
		{839B3E4F-952C-4B47-AAA7-C361D709449C}.Debug|x64.Build.0 = Debug|x64
		{839B3E4F-952C-4B47-AAA7-C361D709449C}.Debug|x86.ActiveCfg = Debug|Win32
		{839B3E4F-952C-4B47-AAA7-C361D709449C}.Debug|x86.Build.0 = Debug|Win32
		{839B3E4F-952C-4B47-AAA7-C361D709449C}.Release|x64.ActiveCfg = Release|x64
		{839B3E4F-952C-4B47-AAA7-C361D709449C}.Release|x64.Build.0 = Release|x64
		{839B3E4F-952C-4B47-AAA7-C361D709449C}.Release|x86.ActiveCfg = Release|Win32
		{839B3E4F-952C-4B47-AAA7-C361D709449C}.Release|x86.Build.0 = Release|Win32
		{73A050FE-EA78-40AA-B2AB-92257E7029F0}.Debug|x64.ActiveCfg = Debug|x64
		{73A050FE-EA78-40AA-B2AB-92257E7029F0}.Debug|x64.Build.0 = Debug|x64
		{73A050FE-EA78-40AA-B2AB-92257E7029F0}.Debug|x86.ActiveCfg = Debug|Win32
		{73A050FE-EA78-40AA-B2AB-92257E7029F0}.Debug|x86.Build.0 = Debug|Win32
		{73A050FE-EA78-40AA-B2AB-92257E7029F0}.Release|x64.ActiveCfg = Release|x64
		{73A050FE-EA78-40AA-B2AB-92257E7029F0}.Release|x64.Build.0 = Release|x64
		{73A050FE-EA78-40AA-B2AB-92257E7029F0}.Release|x86.ActiveCfg = Release|Win32
		{73A050FE-EA78-40AA-B2AB-92257E7029F0}.Release|x86.Build.0 = Release|Win32
		{A02ED760-F554-4526-BD5D-DEBE41960F7F}.Debug|x64.ActiveCfg = Debug|x64
		{A02ED760-F554-4526-BD5D-DEBE41960F7F}.Debug|x64.Build.0 = Debug|x64
		{A02ED760-F554-4526-BD5D-DEBE41960F7F}.Debug|x86.ActiveCfg = Debug|Win32
		{A02ED760-F554-4526-BD5D-DEBE41960F7F}.Debug|x86.Build.0 = Debug|Win32
		{A02ED760-F554-4526-BD5D-DEBE41960F7F}.Release|x64.ActiveCfg = Release|x64
		{A02ED760-F554-4526-BD5D-DEBE41960F7F}.Release|x64.Build.0 = Release|x64
		{A02ED760-F554-4526-BD5D-DEBE41960F7F}.Release|x86.ActiveCfg = Release|Win32
		{A02ED760-F554-4526-BD5D-DEBE41960F7F}.Release|x86.Build.0 = Release|Win32
		{6B32E67A-C408-48A2-9128-054B1ABD2462}.Debug|x64.ActiveCfg = Debug|x64
		{6B32E67A-C408-48A2-9128-054B1ABD2462}.Debug|x64.Build.0 = Debug|x64
		{6B32E67A-C408-48A2-9128-054B1ABD2462}.Debug|x86.ActiveCfg = Debug|Win32
		{6B32E67A-C408-48A2-9128-054B1ABD2462}.Debug|x86.Build.0 = Debug|Win32
		{6B32E67A-C408-48A2-9128-054B1ABD2462}.Release|x64.ActiveCfg = Release|x64
		{6B32E67A-C408-48A2-9128-054B1ABD2462}.Release|x64.Build.0 = Release|x64
		{6B32E67A-C408-48A2-9128-054B1ABD2462}.Release|x86.ActiveCfg = Release|Win32
		{6B32E67A-C408-48A2-9128-054B1ABD2462}.Release|x86.Build.0 = Release|Win32
		{47BF7115-837E-4B64-864D-F32797DB152E}.Debug|x64.ActiveCfg = Debug|x64
		{47BF7115-837E-4B64-864D-F32797DB152E}.Debug|x64.Build.0 = Debug|x64
		{47BF7115-837E-4B64-864D-F32797DB152E}.Debug|x86.ActiveCfg = Debug|Win32
		{47BF7115-837E-4B64-864D-F32797DB152E}.Debug|x86.Build.0 = Debug|Win32
		{47BF7115-837E-4B64-864D-F32797DB152E}.Release|x64.ActiveCfg = Release|x64
		{47BF7115-837E-4B64-864D-F32797DB152E}.Release|x64.Build.0 = Release|x64
		{47BF7115-837E-4B64-864D-F32797DB152E}.Release|x86.ActiveCfg = Release|Win32
		{47BF7115-837E-4B64-864D-F32797DB152E}.Release|x86.Build.0 = Release|Win32
		{F6E718DB-953D-4D78-A327-361AF10416FE}.Debug|x64.ActiveCfg = Debug|x64
		{F6E718DB-953D-4D78-A327-361AF10416FE}.Debug|x64.Build.0 = Debug|x64
		{F6E718DB-953D-4D78-A327-361AF10416FE}.Debug|x86.ActiveCfg = Debug|Win32
		{F6E718DB-953D-4D78-A327-361AF10416FE}.Debug|x86.Build.0 = Debug|Win32
		{F6E718DB-953D-4D78-A327-361AF10416FE}.Release|x64.ActiveCfg = Release|x64
		{F6E718DB-953D-4D78-A327-361AF10416FE}.Release|x64.Build.0 = Release|x64
		{F6E718DB-953D-4D78-A327-361AF10416FE}.Release|x86.ActiveCfg = Release|Win32
		{F6E718DB-953D-4D78-A327-361AF10416FE}.Release|x86.Build.0 = Release|Win32
		{2F511A7F-B758-428C-BE15-B2C60062EEBA}.Debug|x64.ActiveCfg = Debug|x64
		{2F511A7F-B758-428C-BE15-B2C60062EEBA}.Debug|x64.Build.0 = Debug|x64
		{2F511A7F-B758-428C-BE15-B2C60062EEBA}.Debug|x86.ActiveCfg = Debug|Win32
		{2F511A7F-B758-428C-BE15-B2C60062EEBA}.Debug|x86.Build.0 = Debug|Win32
		{2F511A7F-B758-428C-BE15-B2C60062EEBA}.Release|x64.ActiveCfg = Release|x64
		{2F511A7F-B758-428C-BE15-B2C60062EEBA}.Release|x64.Build.0 = Release|x64
		{2F511A7F-B758-428C-BE15-B2C60062EEBA}.Release|x86.ActiveCfg = Release|Win32
		{2F511A7F-B758-428C-BE15-B2C60062EEBA}.Release|x86.Build.0 = Release|Win32
		{D1842B66-4C77-42AD-8D4B-1CCC657F50D0}.Debug|x64.ActiveCfg = Debug|x64
		{D1842B66-4C77-42AD-8D4B-1CCC657F50D0}.Debug|x64.Build.0 = Debug|x64
		{D1842B66-4C77-42AD-8D4B-1CCC657F50D0}.Debug|x86.ActiveCfg = Debug|Win32
		{D1842B66-4C77-42AD-8D4B-1CCC657F50D0}.Debug|x86.Build.0 = Debug|Win32
		{D1842B66-4C77-42AD-8D4B-1CCC657F50D0}.Release|x64.ActiveCfg = Release|x64
		{D1842B66-4C77-42AD-8D4B-1CCC657F50D0}.Release|x64.Build.0 = Release|x64
		{D1842B66-4C77-42AD-8D4B-1CCC657F50D0}.Release|x86.ActiveCfg = Release|Win32
		{D1842B66-4C77-42AD-8D4B-1CCC657F50D0}.Release|x86.Build.0 = Release|Win32
		{5F3CF845-52EB-41EE-AC6C-7854CA7872B1}.Debug|x64.ActiveCfg = Debug|x64
		{5F3CF845-52EB-41EE-AC6C-7854CA7872B1}.Debug|x64.Build.0 = Debug|x64
		{5F3CF845-52EB-41EE-AC6C-7854CA7872B1}.Debug|x86.ActiveCfg = Debug|Win32
		{5F3CF845-52EB-41EE-AC6C-7854CA7872B1}.Debug|x86.Build.0 = Debug|Win32
		{5F3CF845-52EB-41EE-AC6C-7854CA7872B1}.Release|x64.ActiveCfg = Release|x64
		{5F3CF845-52EB-41EE-AC6C-7854CA7872B1}.Release|x64.Build.0 = Release|x64
		{5F3CF845-52EB-41EE-AC6C-7854CA7872B1}.Release|x86.ActiveCfg = Release|Win32
		{5F3CF845-52EB-41EE-AC6C-7854CA7872B1}.Release|x86.Build.0 = Release|Win32
		{79325A53-F14D-437A-8DA3-F2E1116104EC}.Debug|x64.ActiveCfg = Debug|x64
		{79325A53-F14D-437A-8DA3-F2E1116104EC}.Debug|x64.Build.0 = Debug|x64
		{79325A53-F14D-437A-8DA3-F2E1116104EC}.Debug|x86.ActiveCfg = Debug|Win32
		{79325A53-F14D-437A-8DA3-F2E1116104EC}.Debug|x86.Build.0 = Debug|Win32
		{79325A53-F14D-437A-8DA3-F2E1116104EC}.Release|x64.ActiveCfg = Release|x64
		{79325A53-F14D-437A-8DA3-F2E1116104EC}.Release|x64.Build.0 = Release|x64
		{79325A53-F14D-437A-8DA3-F2E1116104EC}.Release|x86.ActiveCfg = Release|Win32
		{79325A53-F14D-437A-8DA3-F2E1116104EC}.Release|x86.Build.0 = Release|Win32
		{6B952458-5EF8-49AD-888A-9CABE8322AFE}.Debug|x64.ActiveCfg = Debug|x64
		{6B952458-5EF8-49AD-888A-9CABE8322AFE}.Debug|x64.Build.0 = Debug|x64
		{6B952458-5EF8-49AD-888A-9CABE8322AFE}.Debug|x86.ActiveCfg = Debug|Win32
		{6B952458-5EF8-49AD-888A-9CABE8322AFE}.Debug|x86.Build.0 = Debug|Win32
		{6B952458-5EF8-49AD-888A-9CABE8322AFE}.Release|x64.ActiveCfg = Release|x64
		{6B952458-5EF8-49AD-888A-9CABE8322AFE}.Release|x64.Build.0 = Release|x64
		{6B952458-5EF8-49AD-888A-9CABE8322AFE}.Release|x86.ActiveCfg = Release|Win32
		{6B952458-5EF8-49AD-888A-9CABE8322AFE}.Release|x86.Build.0 = Release|Win32
		{93590867-531C-4B05-B5BE-8469B4DD5666}.Debug|x64.ActiveCfg = Debug|x64
		{93590867-531C-4B05-B5BE-8469B4DD5666}.Debug|x64.Build.0 = Debug|x64
		{93590867-531C-4B05-B5BE-8469B4DD5666}.Debug|x86.ActiveCfg = Debug|Win32
		{93590867-531C-4B05-B5BE-8469B4DD5666}.Debug|x86.Build.0 = Debug|Win32
		{93590867-531C-4B05-B5BE-8469B4DD5666}.Release|x64.ActiveCfg = Release|x64
		{93590867-531C-4B05-B5BE-8469B4DD5666}.Release|x64.Build.0 = Release|x64
		{93590867-531C-4B05-B5BE-8469B4DD5666}.Release|x86.ActiveCfg = Release|Win32
		{93590867-531C-4B05-B5BE-8469B4DD5666}.Release|x86.Build.0 = Release|Win32
	EndGlobalSection
	GlobalSection(SolutionProperties) = preSolution
		HideSolutionNode = FALSE
	EndGlobalSection
EndGlobal
