
Microsoft Visual Studio Solution File, Format Version 12.00
# Visual Studio 14
VisualStudioVersion = 14.0.25420.1
MinimumVisualStudioVersion = 10.0.40219.1
Project("{8BC9CEB8-8B4A-11D0-8D11-00A0C91BC942}") = "MergeSorter", "MergeSorter\MergeSorter.vcxproj", "{8E5CA43A-05C7-42D1-A284-F66EA5BDA764}"
EndProject
Project("{8BC9CEB8-8B4A-11D0-8D11-00A0C91BC942}") = "InversionCounter", "InversionCounter\InversionCounter.vcxproj", "{01952A63-0174-4AEE-90C3-8535825F8C53}"
EndProject
Project("{8BC9CEB8-8B4A-11D0-8D11-00A0C91BC942}") = "QuickSorter", "QuickSorter\QuickSorter.vcxproj", "{728D7C9B-DAB1-4766-9711-22061C602CEA}"
EndProject
Global
	GlobalSection(SolutionConfigurationPlatforms) = preSolution
		Debug|x64 = Debug|x64
		Debug|x86 = Debug|x86
		Release|x64 = Release|x64
		Release|x86 = Release|x86
	EndGlobalSection
	GlobalSection(ProjectConfigurationPlatforms) = postSolution
		{8E5CA43A-05C7-42D1-A284-F66EA5BDA764}.Debug|x64.ActiveCfg = Debug|x64
		{8E5CA43A-05C7-42D1-A284-F66EA5BDA764}.Debug|x64.Build.0 = Debug|x64
		{8E5CA43A-05C7-42D1-A284-F66EA5BDA764}.Debug|x86.ActiveCfg = Debug|Win32
		{8E5CA43A-05C7-42D1-A284-F66EA5BDA764}.Debug|x86.Build.0 = Debug|Win32
		{8E5CA43A-05C7-42D1-A284-F66EA5BDA764}.Release|x64.ActiveCfg = Release|x64
		{8E5CA43A-05C7-42D1-A284-F66EA5BDA764}.Release|x64.Build.0 = Release|x64
		{8E5CA43A-05C7-42D1-A284-F66EA5BDA764}.Release|x86.ActiveCfg = Release|Win32
		{8E5CA43A-05C7-42D1-A284-F66EA5BDA764}.Release|x86.Build.0 = Release|Win32
		{01952A63-0174-4AEE-90C3-8535825F8C53}.Debug|x64.ActiveCfg = Debug|x64
		{01952A63-0174-4AEE-90C3-8535825F8C53}.Debug|x64.Build.0 = Debug|x64
		{01952A63-0174-4AEE-90C3-8535825F8C53}.Debug|x86.ActiveCfg = Debug|Win32
		{01952A63-0174-4AEE-90C3-8535825F8C53}.Debug|x86.Build.0 = Debug|Win32
		{01952A63-0174-4AEE-90C3-8535825F8C53}.Release|x64.ActiveCfg = Release|x64
		{01952A63-0174-4AEE-90C3-8535825F8C53}.Release|x64.Build.0 = Release|x64
		{01952A63-0174-4AEE-90C3-8535825F8C53}.Release|x86.ActiveCfg = Release|Win32
		{01952A63-0174-4AEE-90C3-8535825F8C53}.Release|x86.Build.0 = Release|Win32
		{728D7C9B-DAB1-4766-9711-22061C602CEA}.Debug|x64.ActiveCfg = Debug|x64
		{728D7C9B-DAB1-4766-9711-22061C602CEA}.Debug|x64.Build.0 = Debug|x64
		{728D7C9B-DAB1-4766-9711-22061C602CEA}.Debug|x86.ActiveCfg = Debug|Win32
		{728D7C9B-DAB1-4766-9711-22061C602CEA}.Debug|x86.Build.0 = Debug|Win32
		{728D7C9B-DAB1-4766-9711-22061C602CEA}.Release|x64.ActiveCfg = Release|x64
		{728D7C9B-DAB1-4766-9711-22061C602CEA}.Release|x64.Build.0 = Release|x64
		{728D7C9B-DAB1-4766-9711-22061C602CEA}.Release|x86.ActiveCfg = Release|Win32
		{728D7C9B-DAB1-4766-9711-22061C602CEA}.Release|x86.Build.0 = Release|Win32
	EndGlobalSection
	GlobalSection(SolutionProperties) = preSolution
		HideSolutionNode = FALSE
	EndGlobalSection
EndGlobal
